
Microsoft Visual Studio Solution File, Format Version 12.00
# Visual Studio 2012
Project("{FAE04EC0-301F-11D3-BF4B-00C04F79EFBC}") = "algorith_moveInChess", "algorith_moveInChess\algorith_moveInChess.csproj", "{16DA2C82-A767-43B5-B57F-01D6921113DA}"
EndProject
Global
	GlobalSection(SolutionConfigurationPlatforms) = preSolution
		Debug|Any CPU = Debug|Any CPU
		Release|Any CPU = Release|Any CPU
	EndGlobalSection
	GlobalSection(ProjectConfigurationPlatforms) = postSolution
		{16DA2C82-A767-43B5-B57F-01D6921113DA}.Debug|Any CPU.ActiveCfg = Debug|Any CPU
		{16DA2C82-A767-43B5-B57F-01D6921113DA}.Debug|Any CPU.Build.0 = Debug|Any CPU
		{16DA2C82-A767-43B5-B57F-01D6921113DA}.Release|Any CPU.ActiveCfg = Release|Any CPU
		{16DA2C82-A767-43B5-B57F-01D6921113DA}.Release|Any CPU.Build.0 = Release|Any CPU
	EndGlobalSection
	GlobalSection(SolutionProperties) = preSolution
		HideSolutionNode = FALSE
	EndGlobalSection
EndGlobal
